
Microsoft Visual Studio Solution File, Format Version 12.00
# Visual Studio Version 17
VisualStudioVersion = 17.0.31903.59
MinimumVisualStudioVersion = 10.0.40219.1
Project("{2150E333-8FDC-42A3-9474-1A3956D46DE8}") = "Domain", "Domain", "{FA9E82C5-25D4-48B3-87F5-D4BBA847F400}"
EndProject
Project("{FAE04EC0-301F-11D3-BF4B-00C04F79EFBC}") = "GitTool.Domain", "Domain\GitTool.Domain\GitTool.Domain.csproj", "{E85C2C6D-7397-4046-A7DC-811AD2115A10}"
EndProject
Project("{FAE04EC0-301F-11D3-BF4B-00C04F79EFBC}") = "GitTool.Domain.Tests", "Domain\GitTool.Domain.Tests\GitTool.Domain.Tests.csproj", "{302B7E0E-81D7-4A04-ABFF-A23DE06FCF93}"
EndProject
Project("{2150E333-8FDC-42A3-9474-1A3956D46DE8}") = "Infrastructure", "Infrastructure", "{B9644D5C-8728-41A2-8F6C-27BF44F5621A}"
EndProject
Project("{FAE04EC0-301F-11D3-BF4B-00C04F79EFBC}") = "GitTool.Infrastructure.Git", "Infrastructure\GitTool.Infrastructure.Git\GitTool.Infrastructure.Git.csproj", "{52BFF858-D8C0-4B46-BA09-019F69CFB398}"
EndProject
Project("{FAE04EC0-301F-11D3-BF4B-00C04F79EFBC}") = "GitTool.Infrastructure.Git.Tests", "Infrastructure\GitTool.Infrastructure.Git.Tests\GitTool.Infrastructure.Git.Tests.csproj", "{F5BC27F8-D558-41BE-9A60-435B90694D64}"
EndProject
Project("{2150E333-8FDC-42A3-9474-1A3956D46DE8}") = "Surface", "Surface", "{52C5FEDA-B8EA-47C3-8937-51D514D1F997}"
EndProject
Project("{FAE04EC0-301F-11D3-BF4B-00C04F79EFBC}") = "GitTool.Api", "Surface\GitTool.Api\GitTool.Api.csproj", "{B16C7789-A9AD-4166-A180-1C201F0C649A}"
EndProject
Project("{FAE04EC0-301F-11D3-BF4B-00C04F79EFBC}") = "GitTool.Api.Tests", "Surface\GitTool.Api.Tests\GitTool.Api.Tests.csproj", "{61085A2D-371C-470F-9896-65BF15140B02}"
EndProject
Project("{FAE04EC0-301F-11D3-BF4B-00C04F79EFBC}") = "GitTool.Cli", "Surface\GitTool.Cli\GitTool.Cli.csproj", "{FC4717D9-5FF8-4C09-9142-D60709123FE9}"
EndProject
Global
	GlobalSection(SolutionConfigurationPlatforms) = preSolution
		Debug|Any CPU = Debug|Any CPU
		Release|Any CPU = Release|Any CPU
	EndGlobalSection
	GlobalSection(SolutionProperties) = preSolution
		HideSolutionNode = FALSE
	EndGlobalSection
	GlobalSection(ProjectConfigurationPlatforms) = postSolution
		{E85C2C6D-7397-4046-A7DC-811AD2115A10}.Debug|Any CPU.ActiveCfg = Debug|Any CPU
		{E85C2C6D-7397-4046-A7DC-811AD2115A10}.Debug|Any CPU.Build.0 = Debug|Any CPU
		{E85C2C6D-7397-4046-A7DC-811AD2115A10}.Release|Any CPU.ActiveCfg = Release|Any CPU
		{E85C2C6D-7397-4046-A7DC-811AD2115A10}.Release|Any CPU.Build.0 = Release|Any CPU
		{302B7E0E-81D7-4A04-ABFF-A23DE06FCF93}.Debug|Any CPU.ActiveCfg = Debug|Any CPU
		{302B7E0E-81D7-4A04-ABFF-A23DE06FCF93}.Debug|Any CPU.Build.0 = Debug|Any CPU
		{302B7E0E-81D7-4A04-ABFF-A23DE06FCF93}.Release|Any CPU.ActiveCfg = Release|Any CPU
		{302B7E0E-81D7-4A04-ABFF-A23DE06FCF93}.Release|Any CPU.Build.0 = Release|Any CPU
		{52BFF858-D8C0-4B46-BA09-019F69CFB398}.Debug|Any CPU.ActiveCfg = Debug|Any CPU
		{52BFF858-D8C0-4B46-BA09-019F69CFB398}.Debug|Any CPU.Build.0 = Debug|Any CPU
		{52BFF858-D8C0-4B46-BA09-019F69CFB398}.Release|Any CPU.ActiveCfg = Release|Any CPU
		{52BFF858-D8C0-4B46-BA09-019F69CFB398}.Release|Any CPU.Build.0 = Release|Any CPU
		{F5BC27F8-D558-41BE-9A60-435B90694D64}.Debug|Any CPU.ActiveCfg = Debug|Any CPU
		{F5BC27F8-D558-41BE-9A60-435B90694D64}.Debug|Any CPU.Build.0 = Debug|Any CPU
		{F5BC27F8-D558-41BE-9A60-435B90694D64}.Release|Any CPU.ActiveCfg = Release|Any CPU
		{F5BC27F8-D558-41BE-9A60-435B90694D64}.Release|Any CPU.Build.0 = Release|Any CPU
		{B16C7789-A9AD-4166-A180-1C201F0C649A}.Debug|Any CPU.ActiveCfg = Debug|Any CPU
		{B16C7789-A9AD-4166-A180-1C201F0C649A}.Debug|Any CPU.Build.0 = Debug|Any CPU
		{B16C7789-A9AD-4166-A180-1C201F0C649A}.Release|Any CPU.ActiveCfg = Release|Any CPU
		{B16C7789-A9AD-4166-A180-1C201F0C649A}.Release|Any CPU.Build.0 = Release|Any CPU
		{61085A2D-371C-470F-9896-65BF15140B02}.Debug|Any CPU.ActiveCfg = Debug|Any CPU
		{61085A2D-371C-470F-9896-65BF15140B02}.Debug|Any CPU.Build.0 = Debug|Any CPU
		{61085A2D-371C-470F-9896-65BF15140B02}.Release|Any CPU.ActiveCfg = Release|Any CPU
		{61085A2D-371C-470F-9896-65BF15140B02}.Release|Any CPU.Build.0 = Release|Any CPU
		{FC4717D9-5FF8-4C09-9142-D60709123FE9}.Debug|Any CPU.ActiveCfg = Debug|Any CPU
		{FC4717D9-5FF8-4C09-9142-D60709123FE9}.Debug|Any CPU.Build.0 = Debug|Any CPU
		{FC4717D9-5FF8-4C09-9142-D60709123FE9}.Release|Any CPU.ActiveCfg = Release|Any CPU
		{FC4717D9-5FF8-4C09-9142-D60709123FE9}.Release|Any CPU.Build.0 = Release|Any CPU
	EndGlobalSection
	GlobalSection(NestedProjects) = preSolution
		{E85C2C6D-7397-4046-A7DC-811AD2115A10} = {FA9E82C5-25D4-48B3-87F5-D4BBA847F400}
		{302B7E0E-81D7-4A04-ABFF-A23DE06FCF93} = {FA9E82C5-25D4-48B3-87F5-D4BBA847F400}
		{52BFF858-D8C0-4B46-BA09-019F69CFB398} = {B9644D5C-8728-41A2-8F6C-27BF44F5621A}
		{F5BC27F8-D558-41BE-9A60-435B90694D64} = {B9644D5C-8728-41A2-8F6C-27BF44F5621A}
		{B16C7789-A9AD-4166-A180-1C201F0C649A} = {52C5FEDA-B8EA-47C3-8937-51D514D1F997}
		{61085A2D-371C-470F-9896-65BF15140B02} = {52C5FEDA-B8EA-47C3-8937-51D514D1F997}
		{FC4717D9-5FF8-4C09-9142-D60709123FE9} = {52C5FEDA-B8EA-47C3-8937-51D514D1F997}
	EndGlobalSection
EndGlobal
